
Microsoft Visual Studio Solution File, Format Version 12.00
# Visual Studio Version 16
VisualStudioVersion = 16.0.31702.278
MinimumVisualStudioVersion = 10.0.40219.1
Project("{FAE04EC0-301F-11D3-BF4B-00C04F79EFBC}") = "Kontaktlista övn 4.3", "Kontaktlista övn 4.3\Kontaktlista övn 4.3.csproj", "{243C8E2E-6B1C-4A0B-8579-F00213BE8B4A}"
EndProject
Global
	GlobalSection(SolutionConfigurationPlatforms) = preSolution
		Debug|Any CPU = Debug|Any CPU
		Release|Any CPU = Release|Any CPU
	EndGlobalSection
	GlobalSection(ProjectConfigurationPlatforms) = postSolution
		{243C8E2E-6B1C-4A0B-8579-F00213BE8B4A}.Debug|Any CPU.ActiveCfg = Debug|Any CPU
		{243C8E2E-6B1C-4A0B-8579-F00213BE8B4A}.Debug|Any CPU.Build.0 = Debug|Any CPU
		{243C8E2E-6B1C-4A0B-8579-F00213BE8B4A}.Release|Any CPU.ActiveCfg = Release|Any CPU
		{243C8E2E-6B1C-4A0B-8579-F00213BE8B4A}.Release|Any CPU.Build.0 = Release|Any CPU
	EndGlobalSection
	GlobalSection(SolutionProperties) = preSolution
		HideSolutionNode = FALSE
	EndGlobalSection
	GlobalSection(ExtensibilityGlobals) = postSolution
		SolutionGuid = {48DD08A5-F03B-46FC-A251-59DD6505E8DE}
	EndGlobalSection
EndGlobal
